
Microsoft Visual Studio Solution File, Format Version 12.00
# Visual Studio 14
VisualStudioVersion = 14.0.25420.1
MinimumVisualStudioVersion = 10.0.40219.1
Project("{FAE04EC0-301F-11D3-BF4B-00C04F79EFBC}") = "DEQLibrary", "DEQLibrary\DEQLibrary.csproj", "{12529C44-CA2F-456E-91EF-DEEF0CCBCAED}"
EndProject
Project("{FAE04EC0-301F-11D3-BF4B-00C04F79EFBC}") = "UnitTest", "UnitTest\UnitTest.csproj", "{EA34270E-5F33-4AD2-9264-A9316C117E70}"
EndProject
Global
	GlobalSection(SolutionConfigurationPlatforms) = preSolution
		Debug|Any CPU = Debug|Any CPU
		Release|Any CPU = Release|Any CPU
	EndGlobalSection
	GlobalSection(ProjectConfigurationPlatforms) = postSolution
		{12529C44-CA2F-456E-91EF-DEEF0CCBCAED}.Debug|Any CPU.ActiveCfg = Debug|Any CPU
		{12529C44-CA2F-456E-91EF-DEEF0CCBCAED}.Debug|Any CPU.Build.0 = Debug|Any CPU
		{12529C44-CA2F-456E-91EF-DEEF0CCBCAED}.Release|Any CPU.ActiveCfg = Release|Any CPU
		{12529C44-CA2F-456E-91EF-DEEF0CCBCAED}.Release|Any CPU.Build.0 = Release|Any CPU
		{EA34270E-5F33-4AD2-9264-A9316C117E70}.Debug|Any CPU.ActiveCfg = Debug|Any CPU
		{EA34270E-5F33-4AD2-9264-A9316C117E70}.Debug|Any CPU.Build.0 = Debug|Any CPU
		{EA34270E-5F33-4AD2-9264-A9316C117E70}.Release|Any CPU.ActiveCfg = Release|Any CPU
		{EA34270E-5F33-4AD2-9264-A9316C117E70}.Release|Any CPU.Build.0 = Release|Any CPU
	EndGlobalSection
	GlobalSection(SolutionProperties) = preSolution
		HideSolutionNode = FALSE
	EndGlobalSection
EndGlobal
